
Microsoft Visual Studio Solution File, Format Version 12.00
# Visual Studio Version 17
VisualStudioVersion = 17.5.002.0
MinimumVisualStudioVersion = 10.0.40219.1
Project("{9A19103F-16F7-4668-BE54-9A1E7A4F7556}") = "FulfillmentWorkflow", "FulfillmentWorkflow.csproj", "{2DF6E57F-6E03-46E3-92E7-E93504DC457F}"
EndProject
Global
	GlobalSection(SolutionConfigurationPlatforms) = preSolution
		Debug|Any CPU = Debug|Any CPU
		Release|Any CPU = Release|Any CPU
	EndGlobalSection
	GlobalSection(ProjectConfigurationPlatforms) = postSolution
		{2DF6E57F-6E03-46E3-92E7-E93504DC457F}.Debug|Any CPU.ActiveCfg = Debug|Any CPU
		{2DF6E57F-6E03-46E3-92E7-E93504DC457F}.Debug|Any CPU.Build.0 = Debug|Any CPU
		{2DF6E57F-6E03-46E3-92E7-E93504DC457F}.Release|Any CPU.ActiveCfg = Release|Any CPU
		{2DF6E57F-6E03-46E3-92E7-E93504DC457F}.Release|Any CPU.Build.0 = Release|Any CPU
	EndGlobalSection
	GlobalSection(SolutionProperties) = preSolution
		HideSolutionNode = FALSE
	EndGlobalSection
	GlobalSection(ExtensibilityGlobals) = postSolution
		SolutionGuid = {C3DE963F-1D6D-4157-93BA-4B504359F6BB}
	EndGlobalSection
EndGlobal
